
Microsoft Visual Studio Solution File, Format Version 12.00
# Visual Studio 15
VisualStudioVersion = 15.0.28010.2050
MinimumVisualStudioVersion = 10.0.40219.1
Project("{8BC9CEB8-8B4A-11D0-8D11-00A0C91BC942}") = "Swap", "Swap\Swap.vcxproj", "{7CD54B7B-93C5-49EF-A284-50A682AC1B71}"
EndProject
Project("{8BC9CEB8-8B4A-11D0-8D11-00A0C91BC942}") = "Dictionary", "Dictionary\Dictionary.vcxproj", "{7480694E-DF9C-4A24-BB48-3CDB474F75CD}"
EndProject
Project("{8BC9CEB8-8B4A-11D0-8D11-00A0C91BC942}") = "TelephoneBookSE", "TelephoneBookSE\TelephoneBookSE.vcxproj", "{D7822C76-4F64-4509-AAA7-6F9E0B5A9AEB}"
EndProject
Global
	GlobalSection(SolutionConfigurationPlatforms) = preSolution
		Debug|x64 = Debug|x64
		Debug|x86 = Debug|x86
		Release|x64 = Release|x64
		Release|x86 = Release|x86
	EndGlobalSection
	GlobalSection(ProjectConfigurationPlatforms) = postSolution
		{7CD54B7B-93C5-49EF-A284-50A682AC1B71}.Debug|x64.ActiveCfg = Debug|x64
		{7CD54B7B-93C5-49EF-A284-50A682AC1B71}.Debug|x64.Build.0 = Debug|x64
		{7CD54B7B-93C5-49EF-A284-50A682AC1B71}.Debug|x86.ActiveCfg = Debug|Win32
		{7CD54B7B-93C5-49EF-A284-50A682AC1B71}.Debug|x86.Build.0 = Debug|Win32
		{7CD54B7B-93C5-49EF-A284-50A682AC1B71}.Release|x64.ActiveCfg = Release|x64
		{7CD54B7B-93C5-49EF-A284-50A682AC1B71}.Release|x64.Build.0 = Release|x64
		{7CD54B7B-93C5-49EF-A284-50A682AC1B71}.Release|x86.ActiveCfg = Release|Win32
		{7CD54B7B-93C5-49EF-A284-50A682AC1B71}.Release|x86.Build.0 = Release|Win32
		{7480694E-DF9C-4A24-BB48-3CDB474F75CD}.Debug|x64.ActiveCfg = Debug|x64
		{7480694E-DF9C-4A24-BB48-3CDB474F75CD}.Debug|x64.Build.0 = Debug|x64
		{7480694E-DF9C-4A24-BB48-3CDB474F75CD}.Debug|x86.ActiveCfg = Debug|Win32
		{7480694E-DF9C-4A24-BB48-3CDB474F75CD}.Debug|x86.Build.0 = Debug|Win32
		{7480694E-DF9C-4A24-BB48-3CDB474F75CD}.Release|x64.ActiveCfg = Release|x64
		{7480694E-DF9C-4A24-BB48-3CDB474F75CD}.Release|x64.Build.0 = Release|x64
		{7480694E-DF9C-4A24-BB48-3CDB474F75CD}.Release|x86.ActiveCfg = Release|Win32
		{7480694E-DF9C-4A24-BB48-3CDB474F75CD}.Release|x86.Build.0 = Release|Win32
		{D7822C76-4F64-4509-AAA7-6F9E0B5A9AEB}.Debug|x64.ActiveCfg = Debug|x64
		{D7822C76-4F64-4509-AAA7-6F9E0B5A9AEB}.Debug|x64.Build.0 = Debug|x64
		{D7822C76-4F64-4509-AAA7-6F9E0B5A9AEB}.Debug|x86.ActiveCfg = Debug|Win32
		{D7822C76-4F64-4509-AAA7-6F9E0B5A9AEB}.Debug|x86.Build.0 = Debug|Win32
		{D7822C76-4F64-4509-AAA7-6F9E0B5A9AEB}.Release|x64.ActiveCfg = Release|x64
		{D7822C76-4F64-4509-AAA7-6F9E0B5A9AEB}.Release|x64.Build.0 = Release|x64
		{D7822C76-4F64-4509-AAA7-6F9E0B5A9AEB}.Release|x86.ActiveCfg = Release|Win32
		{D7822C76-4F64-4509-AAA7-6F9E0B5A9AEB}.Release|x86.Build.0 = Release|Win32
	EndGlobalSection
	GlobalSection(SolutionProperties) = preSolution
		HideSolutionNode = FALSE
	EndGlobalSection
	GlobalSection(ExtensibilityGlobals) = postSolution
		SolutionGuid = {868F7047-48FA-4CB4-9F16-722E3A761C3D}
	EndGlobalSection
EndGlobal
